
Microsoft Visual Studio Solution File, Format Version 12.00
# Visual Studio Version 16
VisualStudioVersion = 16.0.30517.126
MinimumVisualStudioVersion = 10.0.40219.1
Project("{FAE04EC0-301F-11D3-BF4B-00C04F79EFBC}") = "CRM", "CRM\CRM.csproj", "{669AA736-6A79-441B-AE71-811AAC9B166B}"
EndProject
Global
	GlobalSection(SolutionConfigurationPlatforms) = preSolution
		Debug|Any CPU = Debug|Any CPU
		Release|Any CPU = Release|Any CPU
	EndGlobalSection
	GlobalSection(ProjectConfigurationPlatforms) = postSolution
		{669AA736-6A79-441B-AE71-811AAC9B166B}.Debug|Any CPU.ActiveCfg = Debug|Any CPU
		{669AA736-6A79-441B-AE71-811AAC9B166B}.Debug|Any CPU.Build.0 = Debug|Any CPU
		{669AA736-6A79-441B-AE71-811AAC9B166B}.Release|Any CPU.ActiveCfg = Release|Any CPU
		{669AA736-6A79-441B-AE71-811AAC9B166B}.Release|Any CPU.Build.0 = Release|Any CPU
	EndGlobalSection
	GlobalSection(SolutionProperties) = preSolution
		HideSolutionNode = FALSE
	EndGlobalSection
	GlobalSection(ExtensibilityGlobals) = postSolution
		SolutionGuid = {83B0C2F7-E329-4FD9-8159-4056C77DACEC}
	EndGlobalSection
EndGlobal
